<?xml version="1.0" encoding="utf-8"?>
<Project ToolsVersion="4.0" xmlns="http://schemas.microsoft.com/developer/msbuild/2003">
  <ItemGroup>
    <Filter Include="Study">
      <UniqueIdentifier>{93995380-89BD-4b04-88EB-625FBE52EBFB}</UniqueIdentifier>
      <Extensions>h;hh;hpp;hxx;h++;hm;inl;inc;ipp;xsd</Extensions>
    </Filter>
    <Filter Include="Source">
      <UniqueIdentifier>{4FC737F1-C7A5-4376-A066-2A32D752A2FF}</UniqueIdentifier>
      <Extensions>cpp;c;cc;cxx;c++;cppm;ixx;def;odl;idl;hpj;bat;asm;asmx</Extensions>
    </Filter>
  </ItemGroup>
  <ItemGroup>
    <ClCompile Include="main.cpp">
      <Filter>Source</Filter>
    </ClCompile>
    <ClCompile Include="Solve_1759.cpp">
      <Filter>Source</Filter>
    </ClCompile>
    <ClCompile Include="Solve_10972.cpp">
      <Filter>Source</Filter>
    </ClCompile>
    <ClCompile Include="Solve_2309.cpp">
      <Filter>Source</Filter>
    </ClCompile>
    <ClCompile Include="Solve_3085.cpp">
      <Filter>Source</Filter>
    </ClCompile>
    <ClCompile Include="Solve_4375.cpp">
      <Filter>Source</Filter>
    </ClCompile>
    <ClCompile Include="Solve_9095.cpp">
      <Filter>Source</Filter>
    </ClCompile>
    <ClCompile Include="Solve_15649.cpp">
      <Filter>Source</Filter>
    </ClCompile>
    <ClCompile Include="Solve_15650.cpp">
      <Filter>Source</Filter>
    </ClCompile>
    <ClCompile Include="Permutation.cpp">
      <Filter>Study</Filter>
    </ClCompile>
    <ClCompile Include="Solve_10973.cpp">
      <Filter>Source</Filter>
    </ClCompile>
    <ClCompile Include="Bitmask.cpp">
      <Filter>Study</Filter>
    </ClCompile>
    <ClCompile Include="Solve_11723.cpp">
      <Filter>Source</Filter>
    </ClCompile>
    <ClCompile Include="Solve_1182.cpp">
      <Filter>Source</Filter>
    </ClCompile>
    <ClCompile Include="Solve_1463.cpp">
      <Filter>Source</Filter>
    </ClCompile>
    <ClCompile Include="DynamicProgramming.cpp">
      <Filter>Study</Filter>
    </ClCompile>
    <ClCompile Include="Solve_11726.cpp">
      <Filter>Source</Filter>
    </ClCompile>
    <ClCompile Include="RecurrenceRelation.cpp">
      <Filter>Study</Filter>
    </ClCompile>
    <ClCompile Include="Solve_15988.cpp">
      <Filter>Source</Filter>
    </ClCompile>
  </ItemGroup>
  <ItemGroup>
    <ClInclude Include="Solve_1759.h">
      <Filter>Source</Filter>
    </ClInclude>
    <ClInclude Include="Solve_10972.h">
      <Filter>Source</Filter>
    </ClInclude>
    <ClInclude Include="Solve_2309.h">
      <Filter>Source</Filter>
    </ClInclude>
    <ClInclude Include="Solve_3085.h">
      <Filter>Source</Filter>
    </ClInclude>
    <ClInclude Include="Solve_4375.h">
      <Filter>Source</Filter>
    </ClInclude>
    <ClInclude Include="Solve_9095.h">
      <Filter>Source</Filter>
    </ClInclude>
    <ClInclude Include="Solve_15649.h">
      <Filter>Source</Filter>
    </ClInclude>
    <ClInclude Include="Solve_15650.h">
      <Filter>Source</Filter>
    </ClInclude>
    <ClInclude Include="Permutation.h">
      <Filter>Study</Filter>
    </ClInclude>
    <ClInclude Include="Solve_10973.h">
      <Filter>Source</Filter>
    </ClInclude>
    <ClInclude Include="Bitmask.h">
      <Filter>Study</Filter>
    </ClInclude>
    <ClInclude Include="Solve_11723.h">
      <Filter>Source</Filter>
    </ClInclude>
    <ClInclude Include="Solve_1182.h">
      <Filter>Source</Filter>
    </ClInclude>
    <ClInclude Include="BruteForce.h">
      <Filter>Study</Filter>
    </ClInclude>
    <ClInclude Include="Solve_1463.h">
      <Filter>Source</Filter>
    </ClInclude>
    <ClInclude Include="Solve_11726.h">
      <Filter>Source</Filter>
    </ClInclude>
    <ClInclude Include="Solve_15988.h">
      <Filter>Source</Filter>
    </ClInclude>
  </ItemGroup>
</Project>