<?xml version="1.0" encoding="utf-8"?>
<Project ToolsVersion="4.0" xmlns="http://schemas.microsoft.com/developer/msbuild/2003">
  <ItemGroup>
    <Filter Include="Source">
      <UniqueIdentifier>{4FC737F1-C7A5-4376-A066-2A32D752A2FF}</UniqueIdentifier>
      <Extensions>cpp;c;cc;cxx;c++;cppm;ixx;def;odl;idl;hpj;bat;asm;asmx</Extensions>
    </Filter>
    <Filter Include="CodingProblem">
      <UniqueIdentifier>{5c3ee11f-5aff-4420-b9e2-5112acf0700d}</UniqueIdentifier>
    </Filter>
    <Filter Include="Theory">
      <UniqueIdentifier>{ee301b0f-0171-4c4c-91a8-54f6966dedb2}</UniqueIdentifier>
    </Filter>
  </ItemGroup>
  <ItemGroup>
    <ClCompile Include="main.cpp">
      <Filter>Source</Filter>
    </ClCompile>
    <ClCompile Include="CodingProblem\Solve_1182.cpp">
      <Filter>CodingProblem</Filter>
    </ClCompile>
    <ClCompile Include="CodingProblem\Solve_1463.cpp">
      <Filter>CodingProblem</Filter>
    </ClCompile>
    <ClCompile Include="CodingProblem\Solve_1759.cpp">
      <Filter>CodingProblem</Filter>
    </ClCompile>
    <ClCompile Include="CodingProblem\Solve_2309.cpp">
      <Filter>CodingProblem</Filter>
    </ClCompile>
    <ClCompile Include="CodingProblem\Solve_3085.cpp">
      <Filter>CodingProblem</Filter>
    </ClCompile>
    <ClCompile Include="CodingProblem\Solve_4375.cpp">
      <Filter>CodingProblem</Filter>
    </ClCompile>
    <ClCompile Include="CodingProblem\Solve_9095.cpp">
      <Filter>CodingProblem</Filter>
    </ClCompile>
    <ClCompile Include="CodingProblem\Solve_10972.cpp">
      <Filter>CodingProblem</Filter>
    </ClCompile>
    <ClCompile Include="CodingProblem\Solve_10973.cpp">
      <Filter>CodingProblem</Filter>
    </ClCompile>
    <ClCompile Include="CodingProblem\Solve_11723.cpp">
      <Filter>CodingProblem</Filter>
    </ClCompile>
    <ClCompile Include="CodingProblem\Solve_11726.cpp">
      <Filter>CodingProblem</Filter>
    </ClCompile>
    <ClCompile Include="CodingProblem\Solve_15649.cpp">
      <Filter>CodingProblem</Filter>
    </ClCompile>
    <ClCompile Include="CodingProblem\Solve_15650.cpp">
      <Filter>CodingProblem</Filter>
    </ClCompile>
    <ClCompile Include="CodingProblem\Solve_15988.cpp">
      <Filter>CodingProblem</Filter>
    </ClCompile>
    <ClCompile Include="Theory\Bitmask.cpp">
      <Filter>Theory</Filter>
    </ClCompile>
    <ClCompile Include="Theory\DynamicProgramming.cpp">
      <Filter>Theory</Filter>
    </ClCompile>
    <ClCompile Include="Theory\Permutation.cpp">
      <Filter>Theory</Filter>
    </ClCompile>
    <ClCompile Include="Theory\RecurrenceRelation.cpp">
      <Filter>Theory</Filter>
    </ClCompile>
    <ClCompile Include="CodingProblem\Solve_1149.cpp">
      <Filter>CodingProblem</Filter>
    </ClCompile>
    <ClCompile Include="CodingProblem\Solve_10845.cpp">
      <Filter>CodingProblem</Filter>
    </ClCompile>
    <ClCompile Include="CodingProblem\Solve_10866.cpp">
      <Filter>CodingProblem</Filter>
    </ClCompile>
    <ClCompile Include="CodingProblem\Solve_13023.cpp">
      <Filter>CodingProblem</Filter>
    </ClCompile>
    <ClCompile Include="Theory\BubbleSort.cpp">
      <Filter>Theory</Filter>
    </ClCompile>
    <ClCompile Include="Theory\QuickSort.cpp">
      <Filter>Theory</Filter>
    </ClCompile>
    <ClCompile Include="Theory\MergeSort.cpp">
      <Filter>Theory</Filter>
    </ClCompile>
    <ClCompile Include="practice_pad.cpp">
      <Filter>Source</Filter>
    </ClCompile>
  </ItemGroup>
  <ItemGroup>
    <ClInclude Include="CodingProblem\Solve_1182.h">
      <Filter>CodingProblem</Filter>
    </ClInclude>
    <ClInclude Include="CodingProblem\Solve_1463.h">
      <Filter>CodingProblem</Filter>
    </ClInclude>
    <ClInclude Include="CodingProblem\Solve_1759.h">
      <Filter>CodingProblem</Filter>
    </ClInclude>
    <ClInclude Include="CodingProblem\Solve_2309.h">
      <Filter>CodingProblem</Filter>
    </ClInclude>
    <ClInclude Include="CodingProblem\Solve_3085.h">
      <Filter>CodingProblem</Filter>
    </ClInclude>
    <ClInclude Include="CodingProblem\Solve_4375.h">
      <Filter>CodingProblem</Filter>
    </ClInclude>
    <ClInclude Include="CodingProblem\Solve_9095.h">
      <Filter>CodingProblem</Filter>
    </ClInclude>
    <ClInclude Include="CodingProblem\Solve_10972.h">
      <Filter>CodingProblem</Filter>
    </ClInclude>
    <ClInclude Include="CodingProblem\Solve_10973.h">
      <Filter>CodingProblem</Filter>
    </ClInclude>
    <ClInclude Include="CodingProblem\Solve_11723.h">
      <Filter>CodingProblem</Filter>
    </ClInclude>
    <ClInclude Include="CodingProblem\Solve_11726.h">
      <Filter>CodingProblem</Filter>
    </ClInclude>
    <ClInclude Include="CodingProblem\Solve_15649.h">
      <Filter>CodingProblem</Filter>
    </ClInclude>
    <ClInclude Include="CodingProblem\Solve_15650.h">
      <Filter>CodingProblem</Filter>
    </ClInclude>
    <ClInclude Include="CodingProblem\Solve_15988.h">
      <Filter>CodingProblem</Filter>
    </ClInclude>
    <ClInclude Include="Theory\Bitmask.h">
      <Filter>Theory</Filter>
    </ClInclude>
    <ClInclude Include="Theory\BruteForce.h">
      <Filter>Theory</Filter>
    </ClInclude>
    <ClInclude Include="Theory\Permutation.h">
      <Filter>Theory</Filter>
    </ClInclude>
    <ClInclude Include="CodingProblem\Solve_1149.h">
      <Filter>CodingProblem</Filter>
    </ClInclude>
    <ClInclude Include="CodingProblem\Solve_10845.h">
      <Filter>CodingProblem</Filter>
    </ClInclude>
    <ClInclude Include="CodingProblem\Solve_10866.h">
      <Filter>CodingProblem</Filter>
    </ClInclude>
    <ClInclude Include="CodingProblem\Solve_13023.h">
      <Filter>CodingProblem</Filter>
    </ClInclude>
    <ClInclude Include="Theory\BubbleSort.h">
      <Filter>Theory</Filter>
    </ClInclude>
    <ClInclude Include="Theory\QuickSort.h">
      <Filter>Theory</Filter>
    </ClInclude>
    <ClInclude Include="Theory\MergeSort.h">
      <Filter>Theory</Filter>
    </ClInclude>
  </ItemGroup>
</Project>